{
    "_readme": [
        "This file locks the dependencies of your project to a known state",
        "Read more about it at https://getcomposer.org/doc/01-basic-usage.md#installing-dependencies",
        "This file is @generated automatically"
    ],
    "content-hash": "398fc6b10952bbce343d80213c9ed04b",
    "packages": [
        {
            "name": "yidas/codeigniter-rest",
            "version": "1.7.0",
            "source": {
                "type": "git",
                "url": "https://github.com/yidas/codeigniter-rest.git",
                "reference": "7630c646f1d1294e3d9fd65a716e8a2b3ecc5bc7"
            },
            "dist": {
                "type": "zip",
                "url": "https://api.github.com/repos/yidas/codeigniter-rest/zipball/7630c646f1d1294e3d9fd65a716e8a2b3ecc5bc7",
                "reference": "7630c646f1d1294e3d9fd65a716e8a2b3ecc5bc7",
                "shasum": ""
            },
            "require": {
                "php": ">=5.4.0"
            },
            "type": "library",
            "autoload": {
                "psr-4": {
                    "yidas\\": "src/"
                }
            },
            "notification-url": "https://packagist.org/downloads/",
            "license": [
                "MIT"
            ],
            "description": "CodeIgniter 3 RESTful API Resource Base Controller",
            "homepage": "https://github.com/yidas/codeigniter-rest",
            "keywords": [
                "api",
                "authorization",
                "codeigniter",
                "controller"
            ],
            "support": {
                "issues": "https://github.com/yidas/codeigniter-rest/issues",
                "source": "https://github.com/yidas/codeigniter-rest"
            },
            "time": "2019-02-27T06:30:36+00:00"
        }
    ],
    "packages-dev": [
        {
            "name": "mikey179/vfsstream",
            "version": "v1.1.0",
            "source": {
                "type": "git",
                "url": "https://github.com/bovigo/vfsStream.git",
                "reference": "fc0fe8f4d0b527254a2dc45f0c265567c881d07e"
            },
            "dist": {
                "type": "zip",
                "url": "https://api.github.com/repos/bovigo/vfsStream/zipball/fc0fe8f4d0b527254a2dc45f0c265567c881d07e",
                "reference": "fc0fe8f4d0b527254a2dc45f0c265567c881d07e",
                "shasum": ""
            },
            "require": {
                "php": ">=5.3.0"
            },
            "type": "library",
            "autoload": {
                "psr-0": {
                    "org\\bovigo\\vfs": "src/main/php"
                }
            },
            "notification-url": "https://packagist.org/downloads/",
            "license": [
                "BSD"
            ],
            "homepage": "http://vfs.bovigo.org/",
            "support": {
                "issues": "https://github.com/bovigo/vfsStream/issues",
                "source": "https://github.com/bovigo/vfsStream/tree/v1.1.0"
            },
            "time": "2012-08-25T12:49:29+00:00"
        }
    ],
    "aliases": [],
    "minimum-stability": "stable",
    "stability-flags": [],
    "prefer-stable": false,
    "prefer-lowest": false,
    "platform": {
        "php": ">=5.4.0"
    },
    "platform-dev": [],
    "plugin-api-version": "2.0.0"
}
